
Microsoft Visual Studio Solution File, Format Version 12.00
# Visual Studio Version 16
VisualStudioVersion = 16.0.31702.278
MinimumVisualStudioVersion = 10.0.40219.1
Project("{FAE04EC0-301F-11D3-BF4B-00C04F79EFBC}") = "Classes Exercise", "Classes Exercise\Classes Exercise.csproj", "{B540D4FA-8668-490E-AE23-23B21C766394}"
EndProject
Global
	GlobalSection(SolutionConfigurationPlatforms) = preSolution
		Debug|Any CPU = Debug|Any CPU
		Release|Any CPU = Release|Any CPU
	EndGlobalSection
	GlobalSection(ProjectConfigurationPlatforms) = postSolution
		{B540D4FA-8668-490E-AE23-23B21C766394}.Debug|Any CPU.ActiveCfg = Debug|Any CPU
		{B540D4FA-8668-490E-AE23-23B21C766394}.Debug|Any CPU.Build.0 = Debug|Any CPU
		{B540D4FA-8668-490E-AE23-23B21C766394}.Release|Any CPU.ActiveCfg = Release|Any CPU
		{B540D4FA-8668-490E-AE23-23B21C766394}.Release|Any CPU.Build.0 = Release|Any CPU
	EndGlobalSection
	GlobalSection(SolutionProperties) = preSolution
		HideSolutionNode = FALSE
	EndGlobalSection
	GlobalSection(ExtensibilityGlobals) = postSolution
		SolutionGuid = {5291E4A0-E72E-429D-8F0E-51237CDC3F40}
	EndGlobalSection
EndGlobal
